// !$*UTF8*$!
{
	archiveVersion = 1;
	classes = {
	};
	objectVersion = 50;
	objects = {

/* Begin PBXBuildFile section */
		C22BC34E2566C8C9008E1E82 /* AppDelegate.swift in Sources */ = {isa = PBXBuildFile; fileRef = C22BC34D2566C8C9008E1E82 /* AppDelegate.swift */; };
		C22BC3502566C8C9008E1E82 /* SceneDelegate.swift in Sources */ = {isa = PBXBuildFile; fileRef = C22BC34F2566C8C9008E1E82 /* SceneDelegate.swift */; };
		C22BC3522566C8C9008E1E82 /* ViewController.swift in Sources */ = {isa = PBXBuildFile; fileRef = C22BC3512566C8C9008E1E82 /* ViewController.swift */; };
		C22BC3552566C8C9008E1E82 /* Main.storyboard in Resources */ = {isa = PBXBuildFile; fileRef = C22BC3532566C8C9008E1E82 /* Main.storyboard */; };
		C22BC3572566C8CA008E1E82 /* Assets.xcassets in Resources */ = {isa = PBXBuildFile; fileRef = C22BC3562566C8CA008E1E82 /* Assets.xcassets */; };
		C22BC35A2566C8CA008E1E82 /* LaunchScreen.storyboard in Resources */ = {isa = PBXBuildFile; fileRef = C22BC3582566C8CA008E1E82 /* LaunchScreen.storyboard */; };
/* End PBXBuildFile section */

/* Begin PBXFileReference section */
		C22BC34A2566C8C9008E1E82 /* CoreAnimationTutorial.app */ = {isa = PBXFileReference; explicitFileType = wrapper.application; includeInIndex = 0; path = CoreAnimationTutorial.app; sourceTree = BUILT_PRODUCTS_DIR; };
		C22BC34D2566C8C9008E1E82 /* AppDelegate.swift */ = {isa = PBXFileReference; lastKnownFileType = sourcecode.swift; path = AppDelegate.swift; sourceTree = "<group>"; };
		C22BC34F2566C8C9008E1E82 /* SceneDelegate.swift */ = {isa = PBXFileReference; lastKnownFileType = sourcecode.swift; path = SceneDelegate.swift; sourceTree = "<group>"; };
		C22BC3512566C8C9008E1E82 /* ViewController.swift */ = {isa = PBXFileReference; lastKnownFileType = sourcecode.swift; path = ViewController.swift; sourceTree = "<group>"; };
		C22BC3542566C8C9008E1E82 /* Base */ = {isa = PBXFileReference; lastKnownFileType = file.storyboard; name = Base; path = Base.lproj/Main.storyboard; sourceTree = "<group>"; };
		C22BC3562566C8CA008E1E82 /* Assets.xcassets */ = {isa = PBXFileReference; lastKnownFileType = folder.assetcatalog; path = Assets.xcassets; sourceTree = "<group>"; };
		C22BC3592566C8CA008E1E82 /* Base */ = {isa = PBXFileReference; lastKnownFileType = file.storyboard; name = Base; path = Base.lproj/LaunchScreen.storyboard; sourceTree = "<group>"; };
		C22BC35B2566C8CA008E1E82 /* Info.plist */ = {isa = PBXFileReference; lastKnownFileType = text.plist.xml; path = Info.plist; sourceTree = "<group>"; };
/* End PBXFileReference section */

/* Begin PBXFrameworksBuildPhase section */
		C22BC3472566C8C9008E1E82 /* Frameworks */ = {
			isa = PBXFrameworksBuildPhase;
			buildActionMask = 2147483647;
			files = (
			);
			runOnlyForDeploymentPostprocessing = 0;
		};
/* End PBXFrameworksBuildPhase section */

/* Begin PBXGroup section */
		C22BC3412566C8C9008E1E82 = {
			isa = PBXGroup;
			children = (
				C22BC34C2566C8C9008E1E82 /* CoreAnimationTutorial */,
				C22BC34B2566C8C9008E1E82 /* Products */,
			);
			sourceTree = "<group>";
		};
		C22BC34B2566C8C9008E1E82 /* Products */ = {
			isa = PBXGroup;
			children = (
				C22BC34A2566C8C9008E1E82 /* CoreAnimationTutorial.app */,
			);
			name = Products;
			sourceTree = "<group>";
		};
		C22BC34C2566C8C9008E1E82 /* CoreAnimationTutorial */ = {
			isa = PBXGroup;
			children = (
				C22BC34D2566C8C9008E1E82 /* AppDelegate.swift */,
				C22BC34F2566C8C9008E1E82 /* SceneDelegate.swift */,
				C22BC3512566C8C9008E1E82 /* ViewController.swift */,
				C22BC3532566C8C9008E1E82 /* Main.storyboard */,
				C22BC3562566C8CA008E1E82 /* Assets.xcassets */,
				C22BC3582566C8CA008E1E82 /* LaunchScreen.storyboard */,
				C22BC35B2566C8CA008E1E82 /* Info.plist */,
			);
			path = CoreAnimationTutorial;
			sourceTree = "<group>";
		};
/* End PBXGroup section */

/* Begin PBXNativeTarget section */
		C22BC3492566C8C9008E1E82 /* CoreAnimationTutorial */ = {
			isa = PBXNativeTarget;
			buildConfigurationList = C22BC35E2566C8CA008E1E82 /* Build configuration list for PBXNativeTarget "CoreAnimationTutorial" */;
			buildPhases = (
				C22BC3462566C8C9008E1E82 /* Sources */,
				C22BC3472566C8C9008E1E82 /* Frameworks */,
				C22BC3482566C8C9008E1E82 /* Resources */,
			);
			buildRules = (
			);
			dependencies = (
			);
			name = CoreAnimationTutorial;
			productName = CoreAnimationTutorial;
			productReference = C22BC34A2566C8C9008E1E82 /* CoreAnimationTutorial.app */;
			productType = "com.apple.product-type.application";
		};
/* End PBXNativeTarget section */

/* Begin PBXProject section */
		C22BC3422566C8C9008E1E82 /* Project object */ = {
			isa = PBXProject;
			attributes = {
				LastSwiftUpdateCheck = 1210;
				LastUpgradeCheck = 1210;
				TargetAttributes = {
					C22BC3492566C8C9008E1E82 = {
						CreatedOnToolsVersion = 12.1;
					};
				};
			};
			buildConfigurationList = C22BC3452566C8C9008E1E82 /* Build configuration list for PBXProject "CoreAnimationTutorial" */;
			compatibilityVersion = "Xcode 9.3";
			developmentRegion = en;
			hasScannedForEncodings = 0;
			knownRegions = (
				en,
				Base,
			);
			mainGroup = C22BC3412566C8C9008E1E82;
			productRefGroup = C22BC34B2566C8C9008E1E82 /* Products */;
			projectDirPath = "";
			projectRoot = "";
			targets = (
				C22BC3492566C8C9008E1E82 /* CoreAnimationTutorial */,
			);
		};
/* End PBXProject section */

/* Begin PBXResourcesBuildPhase section */
		C22BC3482566C8C9008E1E82 /* Resources */ = {
			isa = PBXResourcesBuildPhase;
			buildActionMask = 2147483647;
			files = (
				C22BC35A2566C8CA008E1E82 /* LaunchScreen.storyboard in Resources */,
				C22BC3572566C8CA008E1E82 /* Assets.xcassets in Resources */,
				C22BC3552566C8C9008E1E82 /* Main.storyboard in Resources */,
			);
			runOnlyForDeploymentPostprocessing = 0;
		};
/* End PBXResourcesBuildPhase section */

/* Begin PBXSourcesBuildPhase section */
		C22BC3462566C8C9008E1E82 /* Sources */ = {
			isa = PBXSourcesBuildPhase;
			buildActionMask = 2147483647;
			files = (
				C22BC3522566C8C9008E1E82 /* ViewController.swift in Sources */,
				C22BC34E2566C8C9008E1E82 /* AppDelegate.swift in Sources */,
				C22BC3502566C8C9008E1E82 /* SceneDelegate.swift in Sources */,
			);
			runOnlyForDeploymentPostprocessing = 0;
		};
/* End PBXSourcesBuildPhase section */

/* Begin PBXVariantGroup section */
		C22BC3532566C8C9008E1E82 /* Main.storyboard */ = {
			isa = PBXVariantGroup;
			children = (
				C22BC3542566C8C9008E1E82 /* Base */,
			);
			name = Main.storyboard;
			sourceTree = "<group>";
		};
		C22BC3582566C8CA008E1E82 /* LaunchScreen.storyboard */ = {
			isa = PBXVariantGroup;
			children = (
				C22BC3592566C8CA008E1E82 /* Base */,
			);
			name = LaunchScreen.storyboard;
			sourceTree = "<group>";
		};
/* End PBXVariantGroup section */

/* Begin XCBuildConfiguration section */
		C22BC35C2566C8CA008E1E82 /* Debug */ = {
			isa = XCBuildConfiguration;
			buildSettings = {
				ALWAYS_SEARCH_USER_PATHS = NO;
				CLANG_ANALYZER_NONNULL = YES;
				CLANG_ANALYZER_NUMBER_OBJECT_CONVERSION = YES_AGGRESSIVE;
				CLANG_CXX_LANGUAGE_STANDARD = "gnu++14";
				CLANG_CXX_LIBRARY = "libc++";
				CLANG_ENABLE_MODULES = YES;
				CLANG_ENABLE_OBJC_ARC = YES;
				CLANG_ENABLE_OBJC_WEAK = YES;
				CLANG_WARN_BLOCK_CAPTURE_AUTORELEASING = YES;
				CLANG_WARN_BOOL_CONVERSION = YES;
				CLANG_WARN_COMMA = YES;
				CLANG_WARN_CONSTANT_CONVERSION = YES;
				CLANG_WARN_DEPRECATED_OBJC_IMPLEMENTATIONS = YES;
				CLANG_WARN_DIRECT_OBJC_ISA_USAGE = YES_ERROR;
				CLANG_WARN_DOCUMENTATION_COMMENTS = YES;
				CLANG_WARN_EMPTY_BODY = YES;
				CLANG_WARN_ENUM_CONVERSION = YES;
				CLANG_WARN_INFINITE_RECURSION = YES;
				CLANG_WARN_INT_CONVERSION = YES;
				CLANG_WARN_NON_LITERAL_NULL_CONVERSION = YES;
				CLANG_WARN_OBJC_IMPLICIT_RETAIN_SELF = YES;
				CLANG_WARN_OBJC_LITERAL_CONVERSION = YES;
				CLANG_WARN_OBJC_ROOT_CLASS = YES_ERROR;
				CLANG_WARN_QUOTED_INCLUDE_IN_FRAMEWORK_HEADER = YES;
				CLANG_WARN_RANGE_LOOP_ANALYSIS = YES;
				CLANG_WARN_STRICT_PROTOTYPES = YES;
				CLANG_WARN_SUSPICIOUS_MOVE = YES;
				CLANG_WARN_UNGUARDED_AVAILABILITY = YES_AGGRESSIVE;
				CLANG_WARN_UNREACHABLE_CODE = YES;
				CLANG_WARN__DUPLICATE_METHOD_MATCH = YES;
				COPY_PHASE_STRIP = NO;
				DEBUG_INFORMATION_FORMAT = dwarf;
				ENABLE_STRICT_OBJC_MSGSEND = YES;
				ENABLE_TESTABILITY = YES;
				GCC_C_LANGUAGE_STANDARD = gnu11;
				GCC_DYNAMIC_NO_PIC = NO;
				GCC_NO_COMMON_BLOCKS = YES;
				GCC_OPTIMIZATION_LEVEL = 0;
				GCC_PREPROCESSOR_DEFINITIONS = (
					"DEBUG=1",
					"$(inherited)",
				);
				GCC_WARN_64_TO_32_BIT_CONVERSION = YES;
				GCC_WARN_ABOUT_RETURN_TYPE = YES_ERROR;
				GCC_WARN_UNDECLARED_SELECTOR = YES;
				GCC_WARN_UNINITIALIZED_AUTOS = YES_AGGRESSIVE;
				GCC_WARN_UNUSED_FUNCTION = YES;
				GCC_WARN_UNUSED_VARIABLE = YES;
				IPHONEOS_DEPLOYMENT_TARGET = 14.1;
				MTL_ENABLE_DEBUG_INFO = INCLUDE_SOURCE;
				MTL_FAST_MATH = YES;
				ONLY_ACTIVE_ARCH = YES;
				SDKROOT = iphoneos;
				SWIFT_ACTIVE_COMPILATION_CONDITIONS = DEBUG;
				SWIFT_OPTIMIZATION_LEVEL = "-Onone";
			};
			name = Debug;
		};
		C22BC35D2566C8CA008E1E82 /* Release */ = {
			isa = XCBuildConfiguration;
			buildSettings = {
				ALWAYS_SEARCH_USER_PATHS = NO;
				CLANG_ANALYZER_NONNULL = YES;
				CLANG_ANALYZER_NUMBER_OBJECT_CONVERSION = YES_AGGRESSIVE;
				CLANG_CXX_LANGUAGE_STANDARD = "gnu++14";
				CLANG_CXX_LIBRARY = "libc++";
				CLANG_ENABLE_MODULES = YES;
				CLANG_ENABLE_OBJC_ARC = YES;
				CLANG_ENABLE_OBJC_WEAK = YES;
				CLANG_WARN_BLOCK_CAPTURE_AUTORELEASING = YES;
				CLANG_WARN_BOOL_CONVERSION = YES;
				CLANG_WARN_COMMA = YES;
				CLANG_WARN_CONSTANT_CONVERSION = YES;
				CLANG_WARN_DEPRECATED_OBJC_IMPLEMENTATIONS = YES;
				CLANG_WARN_DIRECT_OBJC_ISA_USAGE = YES_ERROR;
				CLANG_WARN_DOCUMENTATION_COMMENTS = YES;
				CLANG_WARN_EMPTY_BODY = YES;
				CLANG_WARN_ENUM_CONVERSION = YES;
				CLANG_WARN_INFINITE_RECURSION = YES;
				CLANG_WARN_INT_CONVERSION = YES;
				CLANG_WARN_NON_LITERAL_NULL_CONVERSION = YES;
				CLANG_WARN_OBJC_IMPLICIT_RETAIN_SELF = YES;
				CLANG_WARN_OBJC_LITERAL_CONVERSION = YES;
				CLANG_WARN_OBJC_ROOT_CLASS = YES_ERROR;
				CLANG_WARN_QUOTED_INCLUDE_IN_FRAMEWORK_HEADER = YES;
				CLANG_WARN_RANGE_LOOP_ANALYSIS = YES;
				CLANG_WARN_STRICT_PROTOTYPES = YES;
				CLANG_WARN_SUSPICIOUS_MOVE = YES;
				CLANG_WARN_UNGUARDED_AVAILABILITY = YES_AGGRESSIVE;
				CLANG_WARN_UNREACHABLE_CODE = YES;
				CLANG_WARN__DUPLICATE_METHOD_MATCH = YES;
				COPY_PHASE_STRIP = NO;
				DEBUG_INFORMATION_FORMAT = "dwarf-with-dsym";
				ENABLE_NS_ASSERTIONS = NO;
				ENABLE_STRICT_OBJC_MSGSEND = YES;
				GCC_C_LANGUAGE_STANDARD = gnu11;
				GCC_NO_COMMON_BLOCKS = YES;
				GCC_WARN_64_TO_32_BIT_CONVERSION = YES;
				GCC_WARN_ABOUT_RETURN_TYPE = YES_ERROR;
				GCC_WARN_UNDECLARED_SELECTOR = YES;
				GCC_WARN_UNINITIALIZED_AUTOS = YES_AGGRESSIVE;
				GCC_WARN_UNUSED_FUNCTION = YES;
				GCC_WARN_UNUSED_VARIABLE = YES;
				IPHONEOS_DEPLOYMENT_TARGET = 14.1;
				MTL_ENABLE_DEBUG_INFO = NO;
				MTL_FAST_MATH = YES;
				SDKROOT = iphoneos;
				SWIFT_COMPILATION_MODE = wholemodule;
				SWIFT_OPTIMIZATION_LEVEL = "-O";
				VALIDATE_PRODUCT = YES;
			};
			name = Release;
		};
		C22BC35F2566C8CA008E1E82 /* Debug */ = {
			isa = XCBuildConfiguration;
			buildSettings = {
				ASSETCATALOG_COMPILER_APPICON_NAME = AppIcon;
				ASSETCATALOG_COMPILER_GLOBAL_ACCENT_COLOR_NAME = AccentColor;
				CODE_SIGN_STYLE = Automatic;
				DEVELOPMENT_TEAM = DT454V4AJ9;
				INFOPLIST_FILE = CoreAnimationTutorial/Info.plist;
				LD_RUNPATH_SEARCH_PATHS = (
					"$(inherited)",
					"@executable_path/Frameworks",
				);
				PRODUCT_BUNDLE_IDENTIFIER = net.michaelthedeveloper.CoreAnimationTutorial;
				PRODUCT_NAME = "$(TARGET_NAME)";
				SWIFT_VERSION = 5.0;
				TARGETED_DEVICE_FAMILY = "1,2";
			};
			name = Debug;
		};
		C22BC3602566C8CA008E1E82 /* Release */ = {
			isa = XCBuildConfiguration;
			buildSettings = {
				ASSETCATALOG_COMPILER_APPICON_NAME = AppIcon;
				ASSETCATALOG_COMPILER_GLOBAL_ACCENT_COLOR_NAME = AccentColor;
				CODE_SIGN_STYLE = Automatic;
				DEVELOPMENT_TEAM = DT454V4AJ9;
				INFOPLIST_FILE = CoreAnimationTutorial/Info.plist;
				LD_RUNPATH_SEARCH_PATHS = (
					"$(inherited)",
					"@executable_path/Frameworks",
				);
				PRODUCT_BUNDLE_IDENTIFIER = net.michaelthedeveloper.CoreAnimationTutorial;
				PRODUCT_NAME = "$(TARGET_NAME)";
				SWIFT_VERSION = 5.0;
				TARGETED_DEVICE_FAMILY = "1,2";
			};
			name = Release;
		};
/* End XCBuildConfiguration section */

/* Begin XCConfigurationList section */
		C22BC3452566C8C9008E1E82 /* Build configuration list for PBXProject "CoreAnimationTutorial" */ = {
			isa = XCConfigurationList;
			buildConfigurations = (
				C22BC35C2566C8CA008E1E82 /* Debug */,
				C22BC35D2566C8CA008E1E82 /* Release */,
			);
			defaultConfigurationIsVisible = 0;
			defaultConfigurationName = Release;
		};
		C22BC35E2566C8CA008E1E82 /* Build configuration list for PBXNativeTarget "CoreAnimationTutorial" */ = {
			isa = XCConfigurationList;
			buildConfigurations = (
				C22BC35F2566C8CA008E1E82 /* Debug */,
				C22BC3602566C8CA008E1E82 /* Release */,
			);
			defaultConfigurationIsVisible = 0;
			defaultConfigurationName = Release;
		};
/* End XCConfigurationList section */
	};
	rootObject = C22BC3422566C8C9008E1E82 /* Project object */;
}
